
Microsoft Visual Studio Solution File, Format Version 12.00
# Visual Studio 15
VisualStudioVersion = 15.0.26430.16
MinimumVisualStudioVersion = 10.0.40219.1
Project("{FAE04EC0-301F-11D3-BF4B-00C04F79EFBC}") = "CountingSortPartTwo", "CountingSortPartTwo\CountingSortPartTwo.csproj", "{BCAF0F8E-24FB-4B9B-8B5A-21087D742444}"
EndProject
Project("{FAE04EC0-301F-11D3-BF4B-00C04F79EFBC}") = "FullCountingSort", "FullCountingSort\FullCountingSort.csproj", "{0FE081A1-8822-4608-9E0F-2F6B584AC6FD}"
EndProject
Project("{FAE04EC0-301F-11D3-BF4B-00C04F79EFBC}") = "CountingSortPartOne", "CountingSortPartOne\CountingSortPartOne.csproj", "{C166BCF9-2B88-44E4-BF75-5C082C4DA485}"
EndProject
Project("{FAE04EC0-301F-11D3-BF4B-00C04F79EFBC}") = "ClosestNumbers", "ClosestNumbers\ClosestNumbers.csproj", "{20CB2A23-D141-498B-A531-23C0A7C66D3B}"
EndProject
Project("{FAE04EC0-301F-11D3-BF4B-00C04F79EFBC}") = "FindTheMedian", "FindTheMedian\FindTheMedian.csproj", "{F4569310-82F5-474A-85B0-93D4782A4747}"
EndProject
Global
	GlobalSection(SolutionConfigurationPlatforms) = preSolution
		Debug|Any CPU = Debug|Any CPU
		Release|Any CPU = Release|Any CPU
	EndGlobalSection
	GlobalSection(ProjectConfigurationPlatforms) = postSolution
		{BCAF0F8E-24FB-4B9B-8B5A-21087D742444}.Debug|Any CPU.ActiveCfg = Debug|Any CPU
		{BCAF0F8E-24FB-4B9B-8B5A-21087D742444}.Debug|Any CPU.Build.0 = Debug|Any CPU
		{BCAF0F8E-24FB-4B9B-8B5A-21087D742444}.Release|Any CPU.ActiveCfg = Release|Any CPU
		{BCAF0F8E-24FB-4B9B-8B5A-21087D742444}.Release|Any CPU.Build.0 = Release|Any CPU
		{0FE081A1-8822-4608-9E0F-2F6B584AC6FD}.Debug|Any CPU.ActiveCfg = Debug|Any CPU
		{0FE081A1-8822-4608-9E0F-2F6B584AC6FD}.Debug|Any CPU.Build.0 = Debug|Any CPU
		{0FE081A1-8822-4608-9E0F-2F6B584AC6FD}.Release|Any CPU.ActiveCfg = Release|Any CPU
		{0FE081A1-8822-4608-9E0F-2F6B584AC6FD}.Release|Any CPU.Build.0 = Release|Any CPU
		{C166BCF9-2B88-44E4-BF75-5C082C4DA485}.Debug|Any CPU.ActiveCfg = Debug|Any CPU
		{C166BCF9-2B88-44E4-BF75-5C082C4DA485}.Debug|Any CPU.Build.0 = Debug|Any CPU
		{C166BCF9-2B88-44E4-BF75-5C082C4DA485}.Release|Any CPU.ActiveCfg = Release|Any CPU
		{C166BCF9-2B88-44E4-BF75-5C082C4DA485}.Release|Any CPU.Build.0 = Release|Any CPU
		{20CB2A23-D141-498B-A531-23C0A7C66D3B}.Debug|Any CPU.ActiveCfg = Debug|Any CPU
		{20CB2A23-D141-498B-A531-23C0A7C66D3B}.Debug|Any CPU.Build.0 = Debug|Any CPU
		{20CB2A23-D141-498B-A531-23C0A7C66D3B}.Release|Any CPU.ActiveCfg = Release|Any CPU
		{20CB2A23-D141-498B-A531-23C0A7C66D3B}.Release|Any CPU.Build.0 = Release|Any CPU
		{F4569310-82F5-474A-85B0-93D4782A4747}.Debug|Any CPU.ActiveCfg = Debug|Any CPU
		{F4569310-82F5-474A-85B0-93D4782A4747}.Debug|Any CPU.Build.0 = Debug|Any CPU
		{F4569310-82F5-474A-85B0-93D4782A4747}.Release|Any CPU.ActiveCfg = Release|Any CPU
		{F4569310-82F5-474A-85B0-93D4782A4747}.Release|Any CPU.Build.0 = Release|Any CPU
	EndGlobalSection
	GlobalSection(SolutionProperties) = preSolution
		HideSolutionNode = FALSE
	EndGlobalSection
EndGlobal
