
Microsoft Visual Studio Solution File, Format Version 12.00
# Visual Studio 15
VisualStudioVersion = 15.0.26430.16
MinimumVisualStudioVersion = 10.0.40219.1
Project("{FAE04EC0-301F-11D3-BF4B-00C04F79EFBC}") = "CountingSortPartTwo", "CountingSortPartTwo\CountingSortPartTwo.csproj", "{BCAF0F8E-24FB-4B9B-8B5A-21087D742444}"
EndProject
Project("{FAE04EC0-301F-11D3-BF4B-00C04F79EFBC}") = "FullCountingSort", "FullCountingSort\FullCountingSort.csproj", "{0FE081A1-8822-4608-9E0F-2F6B584AC6FD}"
EndProject
Project("{FAE04EC0-301F-11D3-BF4B-00C04F79EFBC}") = "CountingSortPartOne", "CountingSortPartOne\CountingSortPartOne.csproj", "{C166BCF9-2B88-44E4-BF75-5C082C4DA485}"
EndProject
Project("{FAE04EC0-301F-11D3-BF4B-00C04F79EFBC}") = "ClosestNumbers", "ClosestNumbers\ClosestNumbers.csproj", "{20CB2A23-D141-498B-A531-23C0A7C66D3B}"
EndProject
Project("{FAE04EC0-301F-11D3-BF4B-00C04F79EFBC}") = "FindTheMedian", "FindTheMedian\FindTheMedian.csproj", "{F4569310-82F5-474A-85B0-93D4782A4747}"
EndProject
Project("{FAE04EC0-301F-11D3-BF4B-00C04F79EFBC}") = "InsertionSortPartOne", "InsertionSortPartOne\InsertionSortPartOne.csproj", "{D5A91B27-4F19-4C00-9CB8-8426789665F6}"
EndProject
Project("{FAE04EC0-301F-11D3-BF4B-00C04F79EFBC}") = "InsertionSortPartTwo", "InsertionSortPartTwo\InsertionSortPartTwo.csproj", "{35EE81E3-73C6-4FEE-B1E6-ABFF34767598}"
EndProject
Project("{FAE04EC0-301F-11D3-BF4B-00C04F79EFBC}") = "InsertionSortAdvancedAnalysis", "InsertionSortAdvancedAnalysis\InsertionSortAdvancedAnalysis.csproj", "{9A2149F2-12CF-439D-A6E0-4EC97BD96397}"
EndProject
Project("{FAE04EC0-301F-11D3-BF4B-00C04F79EFBC}") = "DijkstraShortestReach", "DijkstraShortestReach\DijkstraShortestReach.csproj", "{250EB956-9625-43F1-A110-92A3197252EF}"
EndProject
Project("{FAE04EC0-301F-11D3-BF4B-00C04F79EFBC}") = "MinDifference", "MinDifference\MinDifference.csproj", "{140A8953-E8D7-4862-B6A9-E7ED5370A9FF}"
EndProject
Project("{FAE04EC0-301F-11D3-BF4B-00C04F79EFBC}") = "BusStops", "BusStops\BusStops.csproj", "{4634973A-4DED-4094-85BD-37829B5E099D}"
EndProject
Project("{FAE04EC0-301F-11D3-BF4B-00C04F79EFBC}") = "26. NestedLogic", "26. NestedLogic\26. NestedLogic.csproj", "{4EC1B3BC-45AC-4EEA-894D-1DC3D69F22C0}"
EndProject
Project("{FAE04EC0-301F-11D3-BF4B-00C04F79EFBC}") = "OderingGmails", "OderingGmails\OderingGmails.csproj", "{AD606AFF-ED58-473B-BB57-264B0D693644}"
EndProject
Project("{FAE04EC0-301F-11D3-BF4B-00C04F79EFBC}") = "TShape", "TShape\TShape.csproj", "{20DB7E8C-079B-40B9-9DC5-5512DBBB1A72}"
EndProject
Project("{FAE04EC0-301F-11D3-BF4B-00C04F79EFBC}") = "LeftRotation", "LeftRotation\LeftRotation.csproj", "{29BB5E89-A5ED-446E-91A5-1DF830F86C50}"
EndProject
Project("{FAE04EC0-301F-11D3-BF4B-00C04F79EFBC}") = "SparseArrays", "SparseArrays\SparseArrays.csproj", "{9FB35AB2-54B0-4BD0-9773-7359B657114C}"
EndProject
Project("{FAE04EC0-301F-11D3-BF4B-00C04F79EFBC}") = "FindDeWea", "FindDeWea\FindDeWea.csproj", "{3BB0AD0A-C494-40C0-99CF-F72AB4B10911}"
EndProject
Global
	GlobalSection(SolutionConfigurationPlatforms) = preSolution
		Debug|Any CPU = Debug|Any CPU
		Release|Any CPU = Release|Any CPU
	EndGlobalSection
	GlobalSection(ProjectConfigurationPlatforms) = postSolution
		{BCAF0F8E-24FB-4B9B-8B5A-21087D742444}.Debug|Any CPU.ActiveCfg = Debug|Any CPU
		{BCAF0F8E-24FB-4B9B-8B5A-21087D742444}.Debug|Any CPU.Build.0 = Debug|Any CPU
		{BCAF0F8E-24FB-4B9B-8B5A-21087D742444}.Release|Any CPU.ActiveCfg = Release|Any CPU
		{BCAF0F8E-24FB-4B9B-8B5A-21087D742444}.Release|Any CPU.Build.0 = Release|Any CPU
		{0FE081A1-8822-4608-9E0F-2F6B584AC6FD}.Debug|Any CPU.ActiveCfg = Debug|Any CPU
		{0FE081A1-8822-4608-9E0F-2F6B584AC6FD}.Debug|Any CPU.Build.0 = Debug|Any CPU
		{0FE081A1-8822-4608-9E0F-2F6B584AC6FD}.Release|Any CPU.ActiveCfg = Release|Any CPU
		{0FE081A1-8822-4608-9E0F-2F6B584AC6FD}.Release|Any CPU.Build.0 = Release|Any CPU
		{C166BCF9-2B88-44E4-BF75-5C082C4DA485}.Debug|Any CPU.ActiveCfg = Debug|Any CPU
		{C166BCF9-2B88-44E4-BF75-5C082C4DA485}.Debug|Any CPU.Build.0 = Debug|Any CPU
		{C166BCF9-2B88-44E4-BF75-5C082C4DA485}.Release|Any CPU.ActiveCfg = Release|Any CPU
		{C166BCF9-2B88-44E4-BF75-5C082C4DA485}.Release|Any CPU.Build.0 = Release|Any CPU
		{20CB2A23-D141-498B-A531-23C0A7C66D3B}.Debug|Any CPU.ActiveCfg = Debug|Any CPU
		{20CB2A23-D141-498B-A531-23C0A7C66D3B}.Debug|Any CPU.Build.0 = Debug|Any CPU
		{20CB2A23-D141-498B-A531-23C0A7C66D3B}.Release|Any CPU.ActiveCfg = Release|Any CPU
		{20CB2A23-D141-498B-A531-23C0A7C66D3B}.Release|Any CPU.Build.0 = Release|Any CPU
		{F4569310-82F5-474A-85B0-93D4782A4747}.Debug|Any CPU.ActiveCfg = Debug|Any CPU
		{F4569310-82F5-474A-85B0-93D4782A4747}.Debug|Any CPU.Build.0 = Debug|Any CPU
		{F4569310-82F5-474A-85B0-93D4782A4747}.Release|Any CPU.ActiveCfg = Release|Any CPU
		{F4569310-82F5-474A-85B0-93D4782A4747}.Release|Any CPU.Build.0 = Release|Any CPU
		{D5A91B27-4F19-4C00-9CB8-8426789665F6}.Debug|Any CPU.ActiveCfg = Debug|Any CPU
		{D5A91B27-4F19-4C00-9CB8-8426789665F6}.Debug|Any CPU.Build.0 = Debug|Any CPU
		{D5A91B27-4F19-4C00-9CB8-8426789665F6}.Release|Any CPU.ActiveCfg = Release|Any CPU
		{D5A91B27-4F19-4C00-9CB8-8426789665F6}.Release|Any CPU.Build.0 = Release|Any CPU
		{35EE81E3-73C6-4FEE-B1E6-ABFF34767598}.Debug|Any CPU.ActiveCfg = Debug|Any CPU
		{35EE81E3-73C6-4FEE-B1E6-ABFF34767598}.Debug|Any CPU.Build.0 = Debug|Any CPU
		{35EE81E3-73C6-4FEE-B1E6-ABFF34767598}.Release|Any CPU.ActiveCfg = Release|Any CPU
		{35EE81E3-73C6-4FEE-B1E6-ABFF34767598}.Release|Any CPU.Build.0 = Release|Any CPU
		{9A2149F2-12CF-439D-A6E0-4EC97BD96397}.Debug|Any CPU.ActiveCfg = Debug|Any CPU
		{9A2149F2-12CF-439D-A6E0-4EC97BD96397}.Debug|Any CPU.Build.0 = Debug|Any CPU
		{9A2149F2-12CF-439D-A6E0-4EC97BD96397}.Release|Any CPU.ActiveCfg = Release|Any CPU
		{9A2149F2-12CF-439D-A6E0-4EC97BD96397}.Release|Any CPU.Build.0 = Release|Any CPU
		{250EB956-9625-43F1-A110-92A3197252EF}.Debug|Any CPU.ActiveCfg = Debug|Any CPU
		{250EB956-9625-43F1-A110-92A3197252EF}.Debug|Any CPU.Build.0 = Debug|Any CPU
		{250EB956-9625-43F1-A110-92A3197252EF}.Release|Any CPU.ActiveCfg = Release|Any CPU
		{250EB956-9625-43F1-A110-92A3197252EF}.Release|Any CPU.Build.0 = Release|Any CPU
		{140A8953-E8D7-4862-B6A9-E7ED5370A9FF}.Debug|Any CPU.ActiveCfg = Debug|Any CPU
		{140A8953-E8D7-4862-B6A9-E7ED5370A9FF}.Debug|Any CPU.Build.0 = Debug|Any CPU
		{140A8953-E8D7-4862-B6A9-E7ED5370A9FF}.Release|Any CPU.ActiveCfg = Release|Any CPU
		{140A8953-E8D7-4862-B6A9-E7ED5370A9FF}.Release|Any CPU.Build.0 = Release|Any CPU
		{4634973A-4DED-4094-85BD-37829B5E099D}.Debug|Any CPU.ActiveCfg = Debug|Any CPU
		{4634973A-4DED-4094-85BD-37829B5E099D}.Debug|Any CPU.Build.0 = Debug|Any CPU
		{4634973A-4DED-4094-85BD-37829B5E099D}.Release|Any CPU.ActiveCfg = Release|Any CPU
		{4634973A-4DED-4094-85BD-37829B5E099D}.Release|Any CPU.Build.0 = Release|Any CPU
		{4EC1B3BC-45AC-4EEA-894D-1DC3D69F22C0}.Debug|Any CPU.ActiveCfg = Debug|Any CPU
		{4EC1B3BC-45AC-4EEA-894D-1DC3D69F22C0}.Debug|Any CPU.Build.0 = Debug|Any CPU
		{4EC1B3BC-45AC-4EEA-894D-1DC3D69F22C0}.Release|Any CPU.ActiveCfg = Release|Any CPU
		{4EC1B3BC-45AC-4EEA-894D-1DC3D69F22C0}.Release|Any CPU.Build.0 = Release|Any CPU
		{AD606AFF-ED58-473B-BB57-264B0D693644}.Debug|Any CPU.ActiveCfg = Debug|Any CPU
		{AD606AFF-ED58-473B-BB57-264B0D693644}.Debug|Any CPU.Build.0 = Debug|Any CPU
		{AD606AFF-ED58-473B-BB57-264B0D693644}.Release|Any CPU.ActiveCfg = Release|Any CPU
		{AD606AFF-ED58-473B-BB57-264B0D693644}.Release|Any CPU.Build.0 = Release|Any CPU
		{20DB7E8C-079B-40B9-9DC5-5512DBBB1A72}.Debug|Any CPU.ActiveCfg = Debug|Any CPU
		{20DB7E8C-079B-40B9-9DC5-5512DBBB1A72}.Debug|Any CPU.Build.0 = Debug|Any CPU
		{20DB7E8C-079B-40B9-9DC5-5512DBBB1A72}.Release|Any CPU.ActiveCfg = Release|Any CPU
		{20DB7E8C-079B-40B9-9DC5-5512DBBB1A72}.Release|Any CPU.Build.0 = Release|Any CPU
		{29BB5E89-A5ED-446E-91A5-1DF830F86C50}.Debug|Any CPU.ActiveCfg = Debug|Any CPU
		{29BB5E89-A5ED-446E-91A5-1DF830F86C50}.Debug|Any CPU.Build.0 = Debug|Any CPU
		{29BB5E89-A5ED-446E-91A5-1DF830F86C50}.Release|Any CPU.ActiveCfg = Release|Any CPU
		{29BB5E89-A5ED-446E-91A5-1DF830F86C50}.Release|Any CPU.Build.0 = Release|Any CPU
		{9FB35AB2-54B0-4BD0-9773-7359B657114C}.Debug|Any CPU.ActiveCfg = Debug|Any CPU
		{9FB35AB2-54B0-4BD0-9773-7359B657114C}.Debug|Any CPU.Build.0 = Debug|Any CPU
		{9FB35AB2-54B0-4BD0-9773-7359B657114C}.Release|Any CPU.ActiveCfg = Release|Any CPU
		{9FB35AB2-54B0-4BD0-9773-7359B657114C}.Release|Any CPU.Build.0 = Release|Any CPU
		{3BB0AD0A-C494-40C0-99CF-F72AB4B10911}.Debug|Any CPU.ActiveCfg = Debug|Any CPU
		{3BB0AD0A-C494-40C0-99CF-F72AB4B10911}.Debug|Any CPU.Build.0 = Debug|Any CPU
		{3BB0AD0A-C494-40C0-99CF-F72AB4B10911}.Release|Any CPU.ActiveCfg = Release|Any CPU
		{3BB0AD0A-C494-40C0-99CF-F72AB4B10911}.Release|Any CPU.Build.0 = Release|Any CPU
	EndGlobalSection
	GlobalSection(SolutionProperties) = preSolution
		HideSolutionNode = FALSE
	EndGlobalSection
	GlobalSection(ExtensibilityGlobals) = postSolution
		SolutionGuid = {655C8EF9-BA12-43E1-BB22-6A8D4A994AB1}
	EndGlobalSection
EndGlobal
